dependencies:
- name: loki
  repository: https://grafana.github.io/helm-charts
  version: 6.29.0
- name: promtail
  repository: https://grafana.github.io/helm-charts
  version: 6.16.6
- name: alloy
  repository: https://grafana.github.io/helm-charts
  version: 1.0.3
digest: sha256:a320fc034b982befdcc56934317384f25485ac12ea04bd1e43a7c1219bfa9080
generated: "2025-06-12T02:58:57.670487+05:30"
