dependencies:
- name: loki
  repository: https://grafana.github.io/helm-charts
  version: 5.47.2
- name: promtail
  repository: https://grafana.github.io/helm-charts
  version: 6.15.5
digest: sha256:40066a9b597fe0944392eceb33acb005e8a0835605e801ef1477b11e8383a193
generated: "2024-04-09T17:05:41.196132+05:30"
