dependencies:
- name: loki
  repository: https://grafana.github.io/helm-charts
  version: 6.29.0
- name: promtail
  repository: https://grafana.github.io/helm-charts
  version: 6.15.5
digest: sha256:de7fee73daf519ed68bf64082ba78eac6efd84aa6787b6ac372a23d01c4a57f8
generated: "2025-05-13T15:07:48.779965+01:00"
