dependencies:
- name: tfy-configs
  repository: https://truefoundry.github.io/infra-charts
  version: 0.1.23
- name: nats
  repository: https://nats-io.github.io/k8s/helm/charts/
  version: 2.12.3
- name: postgresql
  repository: oci://tfy.jfrog.io/tfy-mirror/bitnamicharts
  version: 18.1.1
- name: tfy-buildkitd-service
  repository: https://truefoundry.github.io/infra-charts/
  version: 0.2.16
- name: tfy-manifests-template
  repository: https://truefoundry.github.io/infra-charts/
  version: 0.2.0
- name: tfy-llm-gateway
  repository: https://truefoundry.github.io/infra-charts/
  version: 0.119.0
- name: tfy-otel-collector
  repository: https://truefoundry.github.io/infra-charts/
  version: 0.118.0
digest: sha256:4810461ea06307faf1e622230f65ac010fbdc4c9babc0ff6ff326d4ed16afc41
generated: "2026-02-10T08:26:55.399864309Z"
