dependencies:
- name: tfy-configs
  repository: https://truefoundry.github.io/infra-charts
  version: 0.1.13
- name: natsDeprecated
  repository: file://charts/natsDeprecated
  version: 0.19.1
- name: nats
  repository: https://nats-io.github.io/k8s/helm/charts/
  version: 1.2.10
- name: postgresql
  repository: oci://tfy.jfrog.io/tfy-helm/bitnamicharts
  version: 15.2.2
- name: tfy-buildkitd-service
  repository: https://truefoundry.github.io/infra-charts/
  version: 0.2.6
- name: tfy-llm-gateway
  repository: https://truefoundry.github.io/infra-charts/
  version: 0.57.1
- name: tfy-otel-collector
  repository: https://truefoundry.github.io/infra-charts/
  version: 0.57.0
- name: tfy-clickhouse
  repository: https://truefoundry.github.io/infra-charts/
  version: 0.1.2
digest: sha256:d906792a661c4378a862b1614cf404dae0834fd40321d24b360331574a43ac21
generated: "2025-05-29T07:04:19.146268876Z"
