dependencies:
- name: nats
  repository: https://nats-io.github.io/k8s/helm/charts/
  version: 2.14.2
- name: postgresql
  repository: oci://tfy.jfrog.io/tfy-mirror/bitnamicharts
  version: 18.1.1
- name: redis
  repository: oci://tfy.jfrog.io/tfy-mirror/bitnamicharts
  version: 24.0.0
- name: tfy-manifests-template
  repository: https://truefoundry.github.io/infra-charts/
  version: 0.2.0
- name: tfy-llm-gateway
  repository: oci://tfy.jfrog.io/tfy-helm
  version: 0.172.6
- name: trueforge
  repository: oci://tfy.jfrog.io/tfy-helm
  version: 0.2.0-rc.9
- name: tfy-otel-collector
  repository: file://charts/tfy-otel-collector
  version: 0.172.0
- name: tfy-victoria-metrics-config
  repository: https://truefoundry.github.io/infra-charts/
  version: 0.1.3
- name: truefoundry-monitoring
  repository: https://truefoundry.github.io/infra-charts/
  version: 0.1.6
digest: sha256:595070a40a93e3731c9ee7b78aec8267cb9e8d555c229424ed25b28211190fd0
generated: "2026-09-16T14:35:25.887448319Z"
