dependencies:
- name: gateway
  repository: https://istio-release.storage.googleapis.com/charts
  version: 1.30.0
- name: tfy-gateway-api-crd
  repository: https://truefoundry.github.io/infra-charts/
  version: 0.1.1
digest: sha256:c5c2de5509ed2a8dcb0077591fe729ec4ea3a3d98d3567a5438712b1608178c8
generated: "2026-09-12T11:16:06.346748+05:30"
