dependencies:
- name: altinity-clickhouse-operator
  repository: https://docs.altinity.com/clickhouse-operator/
  version: 0.23.6
- name: zookeeper
  repository: oci://registry-1.docker.io/bitnamicharts
  version: 11.1.1
- name: nats
  repository: https://nats-io.github.io/k8s/helm/charts/
  version: 1.1.6
- name: tfy-otel-collector
  repository: https://truefoundry.github.io/infra-charts/
  version: 0.1.0-rc.4
digest: sha256:b8fcbbfa51a4ff1bee43e7ac31fd832b881644c142cbf0e400ef965d2155869b
generated: "2025-03-28T11:05:08.243525+05:30"
