dependencies:
- name: altinity-clickhouse-operator
  repository: https://docs.altinity.com/clickhouse-operator/
  version: 0.23.6
- name: zookeeper
  repository: oci://registry-1.docker.io/bitnamicharts
  version: 11.1.1
- name: nats
  repository: https://nats-io.github.io/k8s/helm/charts/
  version: 1.1.6
- name: tfy-otel-collector
  repository: https://truefoundry.github.io/infra-charts/
  version: 0.2.0-rc.1
digest: sha256:f6c125a3ce4d86f3ad72a71ff0bb8b3b6fe992c06411c7906ae18b25594fee6c
generated: "2025-04-02T12:53:59.700713+05:30"
