dependencies:
- name: altinity-clickhouse-operator
  repository: https://docs.altinity.com/clickhouse-operator/
  version: 0.23.6
- name: zookeeper
  repository: oci://registry-1.docker.io/bitnamicharts
  version: 11.1.1
- name: tfy-otel-collector
  repository: https://truefoundry.github.io/infra-charts/
  version: 0.2.0-rc.1
digest: sha256:261fe1f824a303254acb90b7f359b9142210b8afa90630481b110609f2d4deb5
generated: "2025-04-08T21:02:17.55624+05:30"
