dependencies:
- name: altinity-clickhouse-operator
  repository: https://docs.altinity.com/clickhouse-operator/
  version: 0.23.3
- name: zookeeper
  repository: oci://registry-1.docker.io/bitnamicharts
  version: 11.1.1
digest: sha256:3e2c1dc27fdae80c3f6828e7bb3dd3d9466ae282ae03e5364c6a8ec11139bf7e
generated: "2024-03-19T10:39:23.441257+05:30"
