dependencies:
- name: karpenter-crd
  repository: oci://public.ecr.aws/karpenter
  version: 1.9.0
- name: karpenter
  repository: oci://public.ecr.aws/karpenter
  version: 1.9.0
- name: eks-node-monitoring-agent
  repository: file://charts/eks-node-monitoring-agent
  version: 1.5.1
digest: sha256:489ea806d0e3a7dc58a74bfe46da75f347539f68bc7c0a056dd215baa1879964
generated: "2026-03-17T16:18:13.71499+05:30"
