dependencies:
- name: karpenter-crd
  repository: oci://public.ecr.aws/karpenter
  version: 1.9.0
- name: karpenter
  repository: oci://public.ecr.aws/karpenter
  version: 1.9.0
- name: eks-node-monitoring-agent
  repository: file://charts/eks-node-monitoring-agent
  version: 1.5.2
digest: sha256:3631d9f47194f6a2afe3e8ff99636279a52c64d2b4f4ba466d6862851a4c3097
generated: "2026-09-17T16:39:14.409719382Z"
