dependencies:
- name: karpenter-crd
  repository: oci://public.ecr.aws/karpenter
  version: 1.5.0
- name: karpenter
  repository: oci://public.ecr.aws/karpenter
  version: 1.5.0
- name: eks-node-monitoring-agent
  repository: file://charts/eks-node-monitoring-agent
  version: 1.5.1
digest: sha256:ed1e3263f919f5b0645ca87603fb4aa560bc1cb66638f15296b3e68be1aeb296
generated: "2026-02-26T20:22:45.859569+05:30"
