dependencies:
- name: gpu-operator
  repository: https://helm.ngc.nvidia.com/nvidia
  version: v24.9.0
- name: dcgm-exporter
  repository: https://nvidia.github.io/dcgm-exporter/helm-charts
  version: 3.6.0
- name: gpu-operator
  repository: https://helm.ngc.nvidia.com/nvidia
  version: v24.9.0
- name: gpu-operator
  repository: https://helm.ngc.nvidia.com/nvidia
  version: v24.9.0
- name: gpu-operator
  repository: https://helm.ngc.nvidia.com/nvidia
  version: v24.9.0
digest: sha256:afbb83f45fae86e13984880409c72a5363b5a3130f05bf09c234a1ba4cc13031
generated: "2024-11-05T01:57:32.360329+05:30"
