dependencies:
- name: gpu-operator
  repository: https://helm.ngc.nvidia.com/nvidia
  version: v24.6.2
- name: dcgm-exporter
  repository: https://nvidia.github.io/dcgm-exporter/helm-charts
  version: 3.5.0
- name: gpu-operator
  repository: https://helm.ngc.nvidia.com/nvidia
  version: v24.6.2
- name: gpu-operator
  repository: https://helm.ngc.nvidia.com/nvidia
  version: v24.6.2
- name: gpu-operator
  repository: https://helm.ngc.nvidia.com/nvidia
  version: v24.6.2
digest: sha256:3ab9ae1bc8b6cbf8fe9e4bc0f11e205f0259147a717cb0d66f54767466b9c7bb
generated: "2024-10-14T19:23:50.801262+05:30"
