dependencies:
- name: gpu-operator
  repository: https://helm.ngc.nvidia.com/nvidia
  version: v24.9.2
- name: gpu-operator
  repository: https://helm.ngc.nvidia.com/nvidia
  version: v24.9.2
- name: gpu-operator
  repository: https://helm.ngc.nvidia.com/nvidia
  version: v24.9.2
- name: gpu-operator
  repository: https://helm.ngc.nvidia.com/nvidia
  version: v24.9.2
- name: gpu-operator
  repository: https://helm.ngc.nvidia.com/nvidia
  version: v24.9.2
digest: sha256:45f2398af776c5988eef3170cf53bf9468ab73d04754fc405c7c90f826cf99e5
generated: "2025-05-28T22:30:29.170716+05:30"
