dependencies:
- name: external-secrets
  repository: https://charts.external-secrets.io
  version: 2.4.1
- name: reloader
  repository: https://stakater.github.io/stakater-charts
  version: 2.2.14
digest: sha256:ee97000464845b16630c912f266c5fae97a5073e8ebcb2234331cc06aabdc810
generated: "2026-07-22T15:02:14.72092+05:30"
