dependencies:
- name: altinity-clickhouse-operator
  repository: https://docs.altinity.com/clickhouse-operator/
  version: 0.25.0
- name: zookeeper
  repository: oci://tfy.jfrog.io/tfy-mirror/bitnamicharts
  version: 11.1.1
digest: sha256:31ddbefef3672bd7f5e1aa31107531fd31a01f25b2f5ad4265e15cc320677f64
generated: "2025-05-30T15:22:15.677457+05:30"
