dependencies:
- name: altinity-clickhouse-operator
  repository: https://docs.altinity.com/clickhouse-operator/
  version: 0.23.6
- name: zookeeper
  repository: oci://registry-1.docker.io/bitnamicharts
  version: 11.1.1
digest: sha256:591fd00e6782e96c5742dd8da1898e9232d16be475d74763e73a020a62a0813a
generated: "2025-04-02T14:28:54.43717+05:30"
