dependencies:
- name: altinity-clickhouse-operator
  repository: https://docs.altinity.com/clickhouse-operator/
  version: 0.25.0
- name: zookeeper
  repository: oci://registry-1.docker.io/bitnamicharts
  version: 11.1.1
digest: sha256:d5bdef0b23cd74583508421d7147d6e2476ce5189c70db2100dd097857b24da0
generated: "2025-05-30T15:19:29.594286+05:30"
